
Microsoft Visual Studio Solution File, Format Version 12.00
# Visual Studio 15
VisualStudioVersion = 15.0.28307.572
MinimumVisualStudioVersion = 10.0.40219.1
Project("{E24C65DC-7377-472B-9ABA-BC803B73C61A}") = "LandScaping-Three", "LandScaping-Three\", "{73C9E00D-D935-49CF-8923-04ED695B633B}"
	ProjectSection(WebsiteProperties) = preProject
		TargetFrameworkMoniker = ".NETFramework,Version%3Dv4.6.1"
		Debug.AspNetCompiler.VirtualPath = "/localhost_50301"
		Debug.AspNetCompiler.PhysicalPath = "LandScaping-Three\"
		Debug.AspNetCompiler.TargetPath = "PrecompiledWeb\localhost_50301\"
		Debug.AspNetCompiler.Updateable = "true"
		Debug.AspNetCompiler.ForceOverwrite = "true"
		Debug.AspNetCompiler.FixedNames = "false"
		Debug.AspNetCompiler.Debug = "True"
		Release.AspNetCompiler.VirtualPath = "/localhost_50301"
		Release.AspNetCompiler.PhysicalPath = "LandScaping-Three\"
		Release.AspNetCompiler.TargetPath = "PrecompiledWeb\localhost_50301\"
		Release.AspNetCompiler.Updateable = "true"
		Release.AspNetCompiler.ForceOverwrite = "true"
		Release.AspNetCompiler.FixedNames = "false"
		Release.AspNetCompiler.Debug = "False"
		VWDPort = "50301"
		SlnRelativePath = "LandScaping-Three\"
		DefaultWebSiteLanguage = "Visual C#"
	EndProjectSection
EndProject
Global
	GlobalSection(SolutionConfigurationPlatforms) = preSolution
		Debug|Any CPU = Debug|Any CPU
	EndGlobalSection
	GlobalSection(ProjectConfigurationPlatforms) = postSolution
		{73C9E00D-D935-49CF-8923-04ED695B633B}.Debug|Any CPU.ActiveCfg = Debug|Any CPU
		{73C9E00D-D935-49CF-8923-04ED695B633B}.Debug|Any CPU.Build.0 = Debug|Any CPU
	EndGlobalSection
	GlobalSection(SolutionProperties) = preSolution
		HideSolutionNode = FALSE
	EndGlobalSection
	GlobalSection(ExtensibilityGlobals) = postSolution
		SolutionGuid = {07E58AB9-EB0F-4A52-834B-B972963BAA57}
	EndGlobalSection
EndGlobal
